PODS:
  - Nimble (4.0.0)
  - PlaygroundTesting (0.0.1)
  - Quick (0.9.2)

DEPENDENCIES:
  - Nimble (~> 4.0)
  - PlaygroundTesting (from `../`)
  - Quick (~> 0.9)

EXTERNAL SOURCES:
  PlaygroundTesting:
    :path: "../"

SPEC CHECKSUMS:
  Nimble: 72bcc3e2f02242e6bfaaf8d9412ca7bfe3d8b417
  PlaygroundTesting: 068b8f1aa1256923263e93193e0f2edb7f5aa6bd
  Quick: 18d057bc66451eedd5d1c8dc99ba2a5db6e60226

COCOAPODS: 0.39.0
