PODS:
  - Nimble (3.1.0)
  - PlaygroundTesting (0.1.0)
  - Quick (0.9.1)

DEPENDENCIES:
  - Nimble (from `https://github.com/Quick/Nimble.git`)
  - PlaygroundTesting (from `../`)
  - Quick (~> 0.9)

EXTERNAL SOURCES:
  Nimble:
    :git: https://github.com/Quick/Nimble.git
  PlaygroundTesting:
    :path: "../"

CHECKOUT OPTIONS:
  Nimble:
    :commit: 1730543fcd8b7d7258a3270bb6d3118921d46f9d
    :git: https://github.com/Quick/Nimble.git

SPEC CHECKSUMS:
  Nimble: eb2a9b164b9a3f16df6581c692a0bfced7d072a4
  PlaygroundTesting: e9c39c407858d90a74250b00fd0e6ae30c2fcb7a
  Quick: a5221fc21788b6aeda934805e68b061839bc3165

COCOAPODS: 0.39.0
