PODS:
  - Nimble (3.1.0)
  - PlaygroundTesting (0.1.0)
  - Quick (0.9.1)

DEPENDENCIES:
  - Nimble (from `https://github.com/Quick/Nimble.git`)
  - PlaygroundTesting (from `../`)
  - Quick (~> 0.9)

EXTERNAL SOURCES:
  Nimble:
    :git: https://github.com/Quick/Nimble.git
  PlaygroundTesting:
    :path: "../"

CHECKOUT OPTIONS:
  Nimble:
    :commit: 1a64a3fd9cc9d7ca031a94324df4368b07df5de6
    :git: https://github.com/Quick/Nimble.git

SPEC CHECKSUMS:
  Nimble: eb2a9b164b9a3f16df6581c692a0bfced7d072a4
  PlaygroundTesting: fee4871c697398a98c068c4fe7b4ba2a5f1ddb9a
  Quick: a5221fc21788b6aeda934805e68b061839bc3165

COCOAPODS: 0.39.0
